github.com/wowchemy/wowchemy-hugo-modules v0.29.1-0.20210211185922-b811f9a1bb9c h1:AKbp/+NPJ6RBUB7MufbwqzD+9R/xA0iO6d9byNcHMPg=
github.com/wowchemy/wowchemy-hugo-modules/netlify-cms-academic v0.0.0-20201016182837-be0fa17ac006/go.mod h1:TU3QDPUdBSQnvDP5QVCwjAkBIdVMS/bKFA8jr3eI5AY=
github.com/wowchemy/wowchemy-hugo-modules/netlify-cms-academic v0.0.0-20201031183616-e6dba41f3dfb h1:LzzvOpwBzLgsHcX/sFLfCUTE6jK0bYF6T79O64WXNJE=
github.com/wowchemy/wowchemy-hugo-modules/netlify-cms-academic v0.0.0-20201031183616-e6dba41f3dfb/go.mod h1:TU3QDPUdBSQnvDP5QVCwjAkBIdVMS/bKFA8jr3eI5AY=
github.com/wowchemy/wowchemy-hugo-modules/netlify-cms-academic v0.0.0-20210127225730-4ac1c6aa1a40 h1:qTDiwSNIpSWvBepaw1PlZj4QBvo75Nf5DxsSP8JZtbo=
github.com/wowchemy/wowchemy-hugo-modules/netlify-cms-academic v0.0.0-20210127225730-4ac1c6aa1a40/go.mod h1:TU3QDPUdBSQnvDP5QVCwjAkBIdVMS/bKFA8jr3eI5AY=
github.com/wowchemy/wowchemy-hugo-modules/netlify-cms-academic v0.0.0-20210205224825-50d3d41e9e1a h1:+YPB8FgVKzFGcT21RVBU345fARNYm6xOE/HXmr2D5J0=
github.com/wowchemy/wowchemy-hugo-modules/netlify-cms-academic v0.0.0-20210205224825-50d3d41e9e1a/go.mod h1:TU3QDPUdBSQnvDP5QVCwjAkBIdVMS/bKFA8jr3eI5AY=
github.com/wowchemy/wowchemy-hugo-modules/netlify-cms-academic v0.0.0-20210211185922-b811f9a1bb9c h1:N1VFakCFtViGokG+7cmlGilBPHfIZ3mnMdBXUnFHgoU=
github.com/wowchemy/wowchemy-hugo-modules/netlify-cms-academic v0.0.0-20210211185922-b811f9a1bb9c/go.mod h1:TU3QDPUdBSQnvDP5QVCwjAkBIdVMS/bKFA8jr3eI5AY=
github.com/wowchemy/wowchemy-hugo-modules/wowchemy v0.0.0-20201016182837-be0fa17ac006/go.mod h1:H22qfH9qj3FWwsk7+bAZpmT24yRGNQURah2/IRwjbn8=
github.com/wowchemy/wowchemy-hugo-modules/wowchemy v0.0.0-20201031183616-e6dba41f3dfb h1:DRlmANLaSu1kGXsQ+IlgiQ0K/oiShywD2sj8H/rialo=
github.com/wowchemy/wowchemy-hugo-modules/wowchemy v0.0.0-20201031183616-e6dba41f3dfb/go.mod h1:H22qfH9qj3FWwsk7+bAZpmT24yRGNQURah2/IRwjbn8=
github.com/wowchemy/wowchemy-hugo-modules/wowchemy v0.0.0-20201102170205-80fce98e72a9/go.mod h1:H22qfH9qj3FWwsk7+bAZpmT24yRGNQURah2/IRwjbn8=
github.com/wowchemy/wowchemy-hugo-modules/wowchemy v0.0.0-20210127225730-4ac1c6aa1a40 h1:mheZDz5DcXq/x8APxFv7pOLtUkuD2qMgz8GGBO1BXrM=
github.com/wowchemy/wowchemy-hugo-modules/wowchemy v0.0.0-20210127225730-4ac1c6aa1a40/go.mod h1:H22qfH9qj3FWwsk7+bAZpmT24yRGNQURah2/IRwjbn8=
github.com/wowchemy/wowchemy-hugo-modules/wowchemy v0.0.0-20210205224825-50d3d41e9e1a h1:BxOQUKnIoXDmsexnifhDJlw/xnCxojOYt2vpv2u9IfA=
github.com/wowchemy/wowchemy-hugo-modules/wowchemy v0.0.0-20210205224825-50d3d41e9e1a/go.mod h1:H22qfH9qj3FWwsk7+bAZpmT24yRGNQURah2/IRwjbn8=
github.com/wowchemy/wowchemy-hugo-modules/wowchemy v0.0.0-20210211185922-b811f9a1bb9c h1:rcd9H2OHyw3xiu2H140g22AUvYZPBfvynAyTfubpvg4=
github.com/wowchemy/wowchemy-hugo-modules/wowchemy v0.0.0-20210211185922-b811f9a1bb9c/go.mod h1:H22qfH9qj3FWwsk7+bAZpmT24yRGNQURah2/IRwjbn8=
github.com/wowchemy/wowchemy-hugo-modules/wowchemy v0.0.0-20210215224117-3cf9f6cdeef0 h1:CKKB4/INf2y6opG3Xgw5kIz2Hkp0yf3gZfGj/wA5yPY=
github.com/wowchemy/wowchemy-hugo-modules/wowchemy v0.0.0-20210215224117-3cf9f6cdeef0/go.mod h1:H22qfH9qj3FWwsk7+bAZpmT24yRGNQURah2/IRwjbn8=
github.com/wowchemy/wowchemy-hugo-modules/wowchemy v0.0.0-20210217222139-68595a20aead h1:mn44MABTJQiXL1QXTnptmBX/o3ZNLml5gMrkXDmuyK0=
github.com/wowchemy/wowchemy-hugo-modules/wowchemy v0.0.0-20210217222139-68595a20aead/go.mod h1:H22qfH9qj3FWwsk7+bAZpmT24yRGNQURah2/IRwjbn8=
github.com/wowchemy/wowchemy-hugo-modules/wowchemy v0.0.0-20210219133516-05c772f38946/go.mod h1:H22qfH9qj3FWwsk7+bAZpmT24yRGNQURah2/IRwjbn8=
github.com/wowchemy/wowchemy-hugo-modules/wowchemy v0.0.0-20210222223615-40e01c083e6f h1:uAARNx5j+2uYtpmN5yM4ojImstcvV0HUqjJ9nCVn2c0=
github.com/wowchemy/wowchemy-hugo-modules/wowchemy v0.0.0-20210222223615-40e01c083e6f/go.mod h1:H22qfH9qj3FWwsk7+bAZpmT24yRGNQURah2/IRwjbn8=
github.com/wowchemy/wowchemy-hugo-modules/wowchemy-cms v0.0.0-20210211185922-b811f9a1bb9c h1:a5+8Lgpcomdgpz9pPDhKQ53RMbNkKmifQ3hNrYWA0dg=
github.com/wowchemy/wowchemy-hugo-modules/wowchemy-cms v0.0.0-20210211185922-b811f9a1bb9c/go.mod h1:AKpYbqUVlj0VYsc7Jsxe1o8Ko2yV31A5ZPdfpACcXJw=
github.com/wowchemy/wowchemy-hugo-modules/wowchemy-cms v0.0.0-20210215224117-3cf9f6cdeef0 h1:EgYufgvY8/LkntjIaKlga4cg9XLwHq24xH91DtNiAlc=
github.com/wowchemy/wowchemy-hugo-modules/wowchemy-cms v0.0.0-20210215224117-3cf9f6cdeef0/go.mod h1:AKpYbqUVlj0VYsc7Jsxe1o8Ko2yV31A5ZPdfpACcXJw=
github.com/wowchemy/wowchemy-hugo-modules/wowchemy-cms v0.0.0-20210217222139-68595a20aead h1:K4Bbpd+8gxFRSqeLDWrYGhAxXNUiw7+PIKnNDpFt3ns=
github.com/wowchemy/wowchemy-hugo-modules/wowchemy-cms v0.0.0-20210217222139-68595a20aead/go.mod h1:AKpYbqUVlj0VYsc7Jsxe1o8Ko2yV31A5ZPdfpACcXJw=
github.com/wowchemy/wowchemy-hugo-modules/wowchemy-cms v0.0.0-20210219133516-05c772f38946/go.mod h1:AKpYbqUVlj0VYsc7Jsxe1o8Ko2yV31A5ZPdfpACcXJw=
github.com/wowchemy/wowchemy-hugo-modules/wowchemy-cms v0.0.0-20210222223615-40e01c083e6f h1:UKtCrXFASw3ebCzyXYdq6XXikxYSTdG80ej9/YQrfIE=
github.com/wowchemy/wowchemy-hugo-modules/wowchemy-cms v0.0.0-20210222223615-40e01c083e6f/go.mod h1:AKpYbqUVlj0VYsc7Jsxe1o8Ko2yV31A5ZPdfpACcXJw=
